
Microsoft Visual Studio Solution File, Format Version 12.00
# Visual Studio Version 17
VisualStudioVersion = 17.9.34701.34
MinimumVisualStudioVersion = 10.0.40219.1
Project("{FAE04EC0-301F-11D3-BF4B-00C04F79EFBC}") = "GymTracker.API", "GymTracker.API.csproj", "{F79D209D-2AF5-4389-9338-54A099ED590D}"
EndProject
Project("{FAE04EC0-301F-11D3-BF4B-00C04F79EFBC}") = "GymTracker.Core", "..\GymTracker.Core\GymTracker.Core.csproj", "{C905163D-13EA-4B9F-A880-FED35F8D9816}"
EndProject
Project("{FAE04EC0-301F-11D3-BF4B-00C04F79EFBC}") = "GymTracker.Infrastructure", "..\GymTracker.Infrastructure\GymTracker.Infrastructure.csproj", "{615D30B8-DFEE-490C-9D3F-DA9FCAC5EF6D}"
EndProject
Global
	GlobalSection(SolutionConfigurationPlatforms) = preSolution
		Debug|Any CPU = Debug|Any CPU
		Release|Any CPU = Release|Any CPU
	EndGlobalSection
	GlobalSection(ProjectConfigurationPlatforms) = postSolution
		{F79D209D-2AF5-4389-9338-54A099ED590D}.Debug|Any CPU.ActiveCfg = Debug|Any CPU
		{F79D209D-2AF5-4389-9338-54A099ED590D}.Debug|Any CPU.Build.0 = Debug|Any CPU
		{F79D209D-2AF5-4389-9338-54A099ED590D}.Release|Any CPU.ActiveCfg = Release|Any CPU
		{F79D209D-2AF5-4389-9338-54A099ED590D}.Release|Any CPU.Build.0 = Release|Any CPU
		{C905163D-13EA-4B9F-A880-FED35F8D9816}.Debug|Any CPU.ActiveCfg = Debug|Any CPU
		{C905163D-13EA-4B9F-A880-FED35F8D9816}.Debug|Any CPU.Build.0 = Debug|Any CPU
		{C905163D-13EA-4B9F-A880-FED35F8D9816}.Release|Any CPU.ActiveCfg = Release|Any CPU
		{C905163D-13EA-4B9F-A880-FED35F8D9816}.Release|Any CPU.Build.0 = Release|Any CPU
		{615D30B8-DFEE-490C-9D3F-DA9FCAC5EF6D}.Debug|Any CPU.ActiveCfg = Debug|Any CPU
		{615D30B8-DFEE-490C-9D3F-DA9FCAC5EF6D}.Debug|Any CPU.Build.0 = Debug|Any CPU
		{615D30B8-DFEE-490C-9D3F-DA9FCAC5EF6D}.Release|Any CPU.ActiveCfg = Release|Any CPU
		{615D30B8-DFEE-490C-9D3F-DA9FCAC5EF6D}.Release|Any CPU.Build.0 = Release|Any CPU
	EndGlobalSection
	GlobalSection(SolutionProperties) = preSolution
		HideSolutionNode = FALSE
	EndGlobalSection
	GlobalSection(ExtensibilityGlobals) = postSolution
		SolutionGuid = {225367F7-DACE-477F-91D7-5F556A768B00}
	EndGlobalSection
EndGlobal
